
Microsoft Visual Studio Solution File, Format Version 12.00
# Visual Studio Version 16
VisualStudioVersion = 16.0.31702.278
MinimumVisualStudioVersion = 10.0.40219.1
Project("{9A19103F-16F7-4668-BE54-9A1E7A4F7556}") = "Core", "Core\Core.csproj", "{F5EA66A2-527D-4F1F-B0DE-1A4FA479ECAA}"
EndProject
Project("{FAE04EC0-301F-11D3-BF4B-00C04F79EFBC}") = "Business", "Business\Business.csproj", "{8EED6EB0-3864-473F-BA48-F1267144DB30}"
EndProject
Project("{FAE04EC0-301F-11D3-BF4B-00C04F79EFBC}") = "Entities", "Entities\Entities.csproj", "{98DDB4DA-5A01-4DB2-A549-13FA6EAAC79B}"
EndProject
Project("{FAE04EC0-301F-11D3-BF4B-00C04F79EFBC}") = "DataAccess", "DataAccess\DataAccess.csproj", "{F1FF71F5-200E-432A-B29E-33E7AAFE32AC}"
EndProject
Project("{FAE04EC0-301F-11D3-BF4B-00C04F79EFBC}") = "WebAPI", "WebAPI\WebAPI.csproj", "{FEE8F446-8217-45A0-B230-074A97080B27}"
EndProject
Global
	GlobalSection(SolutionConfigurationPlatforms) = preSolution
		Debug|Any CPU = Debug|Any CPU
		Release|Any CPU = Release|Any CPU
	EndGlobalSection
	GlobalSection(ProjectConfigurationPlatforms) = postSolution
		{F5EA66A2-527D-4F1F-B0DE-1A4FA479ECAA}.Debug|Any CPU.ActiveCfg = Debug|Any CPU
		{F5EA66A2-527D-4F1F-B0DE-1A4FA479ECAA}.Debug|Any CPU.Build.0 = Debug|Any CPU
		{F5EA66A2-527D-4F1F-B0DE-1A4FA479ECAA}.Release|Any CPU.ActiveCfg = Release|Any CPU
		{F5EA66A2-527D-4F1F-B0DE-1A4FA479ECAA}.Release|Any CPU.Build.0 = Release|Any CPU
		{8EED6EB0-3864-473F-BA48-F1267144DB30}.Debug|Any CPU.ActiveCfg = Debug|Any CPU
		{8EED6EB0-3864-473F-BA48-F1267144DB30}.Debug|Any CPU.Build.0 = Debug|Any CPU
		{8EED6EB0-3864-473F-BA48-F1267144DB30}.Release|Any CPU.ActiveCfg = Release|Any CPU
		{8EED6EB0-3864-473F-BA48-F1267144DB30}.Release|Any CPU.Build.0 = Release|Any CPU
		{98DDB4DA-5A01-4DB2-A549-13FA6EAAC79B}.Debug|Any CPU.ActiveCfg = Debug|Any CPU
		{98DDB4DA-5A01-4DB2-A549-13FA6EAAC79B}.Debug|Any CPU.Build.0 = Debug|Any CPU
		{98DDB4DA-5A01-4DB2-A549-13FA6EAAC79B}.Release|Any CPU.ActiveCfg = Release|Any CPU
		{98DDB4DA-5A01-4DB2-A549-13FA6EAAC79B}.Release|Any CPU.Build.0 = Release|Any CPU
		{F1FF71F5-200E-432A-B29E-33E7AAFE32AC}.Debug|Any CPU.ActiveCfg = Debug|Any CPU
		{F1FF71F5-200E-432A-B29E-33E7AAFE32AC}.Debug|Any CPU.Build.0 = Debug|Any CPU
		{F1FF71F5-200E-432A-B29E-33E7AAFE32AC}.Release|Any CPU.ActiveCfg = Release|Any CPU
		{F1FF71F5-200E-432A-B29E-33E7AAFE32AC}.Release|Any CPU.Build.0 = Release|Any CPU
		{FEE8F446-8217-45A0-B230-074A97080B27}.Debug|Any CPU.ActiveCfg = Debug|Any CPU
		{FEE8F446-8217-45A0-B230-074A97080B27}.Debug|Any CPU.Build.0 = Debug|Any CPU
		{FEE8F446-8217-45A0-B230-074A97080B27}.Release|Any CPU.ActiveCfg = Release|Any CPU
		{FEE8F446-8217-45A0-B230-074A97080B27}.Release|Any CPU.Build.0 = Release|Any CPU
	EndGlobalSection
	GlobalSection(SolutionProperties) = preSolution
		HideSolutionNode = FALSE
	EndGlobalSection
	GlobalSection(ExtensibilityGlobals) = postSolution
		SolutionGuid = {9A2C7E2F-D532-4FD7-AC27-C80355589F50}
	EndGlobalSection
EndGlobal
